
Microsoft Visual Studio Solution File, Format Version 12.00
# Visual Studio 14
VisualStudioVersion = 14.0.25420.1
MinimumVisualStudioVersion = 10.0.40219.1
Project("{8BC9CEB8-8B4A-11D0-8D11-00A0C91BC942}") = "DUILibSPY", "DUILibSPY\DUILibSPY.vcxproj", "{CBDC4F40-0D34-436B-8D69-04DD953580FC}"
EndProject
Project("{8BC9CEB8-8B4A-11D0-8D11-00A0C91BC942}") = "DUILibSPYDLL", "DUILibSPYDLL\DUILibSPYDLL.vcxproj", "{7F843D47-ECFF-4ADD-8B5B-8EB93ADEF955}"
EndProject
Project("{8BC9CEB8-8B4A-11D0-8D11-00A0C91BC942}") = "LibDuiLib", "ThirdParty\LibDuiLib\LibDuiLib.vcxproj", "{E106ACD7-4E53-4AEE-942B-D0DD426DB34E}"
EndProject
Global
	GlobalSection(SolutionConfigurationPlatforms) = preSolution
		Debug|Win32 = Debug|Win32
		Release|Win32 = Release|Win32
	EndGlobalSection
	GlobalSection(ProjectConfigurationPlatforms) = postSolution
		{CBDC4F40-0D34-436B-8D69-04DD953580FC}.Debug|Win32.ActiveCfg = Debug|Win32
		{CBDC4F40-0D34-436B-8D69-04DD953580FC}.Debug|Win32.Build.0 = Debug|Win32
		{CBDC4F40-0D34-436B-8D69-04DD953580FC}.Release|Win32.ActiveCfg = Release|Win32
		{CBDC4F40-0D34-436B-8D69-04DD953580FC}.Release|Win32.Build.0 = Release|Win32
		{7F843D47-ECFF-4ADD-8B5B-8EB93ADEF955}.Debug|Win32.ActiveCfg = Debug|Win32
		{7F843D47-ECFF-4ADD-8B5B-8EB93ADEF955}.Debug|Win32.Build.0 = Debug|Win32
		{7F843D47-ECFF-4ADD-8B5B-8EB93ADEF955}.Release|Win32.ActiveCfg = Release|Win32
		{7F843D47-ECFF-4ADD-8B5B-8EB93ADEF955}.Release|Win32.Build.0 = Release|Win32
		{E106ACD7-4E53-4AEE-942B-D0DD426DB34E}.Debug|Win32.ActiveCfg = Debug|Win32
		{E106ACD7-4E53-4AEE-942B-D0DD426DB34E}.Debug|Win32.Build.0 = Debug|Win32
		{E106ACD7-4E53-4AEE-942B-D0DD426DB34E}.Release|Win32.ActiveCfg = Release|Win32
		{E106ACD7-4E53-4AEE-942B-D0DD426DB34E}.Release|Win32.Build.0 = Release|Win32
	EndGlobalSection
	GlobalSection(SolutionProperties) = preSolution
		HideSolutionNode = FALSE
	EndGlobalSection
EndGlobal
